
Microsoft Visual Studio Solution File, Format Version 12.00
# Visual Studio 2012
Project("{FAE04EC0-301F-11D3-BF4B-00C04F79EFBC}") = "Dijkstra", "Dijkstra\Dijkstra.csproj", "{9D5561D4-4238-49CF-BEBD-4FD8DD28DA99}"
EndProject
Project("{FAE04EC0-301F-11D3-BF4B-00C04F79EFBC}") = "DijkstraUT", "DijkstraUT\DijkstraUT.csproj", "{88414034-81F6-4D30-A4F1-EEEF2D6D5383}"
EndProject
Global
	GlobalSection(SolutionConfigurationPlatforms) = preSolution
		Debug|Any CPU = Debug|Any CPU
		Release|Any CPU = Release|Any CPU
	EndGlobalSection
	GlobalSection(ProjectConfigurationPlatforms) = postSolution
		{9D5561D4-4238-49CF-BEBD-4FD8DD28DA99}.Debug|Any CPU.ActiveCfg = Debug|Any CPU
		{9D5561D4-4238-49CF-BEBD-4FD8DD28DA99}.Debug|Any CPU.Build.0 = Debug|Any CPU
		{9D5561D4-4238-49CF-BEBD-4FD8DD28DA99}.Release|Any CPU.ActiveCfg = Release|Any CPU
		{9D5561D4-4238-49CF-BEBD-4FD8DD28DA99}.Release|Any CPU.Build.0 = Release|Any CPU
		{88414034-81F6-4D30-A4F1-EEEF2D6D5383}.Debug|Any CPU.ActiveCfg = Debug|Any CPU
		{88414034-81F6-4D30-A4F1-EEEF2D6D5383}.Debug|Any CPU.Build.0 = Debug|Any CPU
		{88414034-81F6-4D30-A4F1-EEEF2D6D5383}.Release|Any CPU.ActiveCfg = Release|Any CPU
		{88414034-81F6-4D30-A4F1-EEEF2D6D5383}.Release|Any CPU.Build.0 = Release|Any CPU
	EndGlobalSection
	GlobalSection(SolutionProperties) = preSolution
		HideSolutionNode = FALSE
	EndGlobalSection
EndGlobal
